
Microsoft Visual Studio Solution File, Format Version 12.00
# Visual Studio Version 17
VisualStudioVersion = 17.9.34728.123
MinimumVisualStudioVersion = 10.0.40219.1
Project("{FAE04EC0-301F-11D3-BF4B-00C04F79EFBC}") = "DemoConcurrencia", "DemoConcurrencia\DemoConcurrencia.csproj", "{18007047-4C80-4E77-80E0-07324BBAB81C}"
EndProject
Global
	GlobalSection(SolutionConfigurationPlatforms) = preSolution
		Debug|Any CPU = Debug|Any CPU
		Release|Any CPU = Release|Any CPU
	EndGlobalSection
	GlobalSection(ProjectConfigurationPlatforms) = postSolution
		{18007047-4C80-4E77-80E0-07324BBAB81C}.Debug|Any CPU.ActiveCfg = Debug|Any CPU
		{18007047-4C80-4E77-80E0-07324BBAB81C}.Debug|Any CPU.Build.0 = Debug|Any CPU
		{18007047-4C80-4E77-80E0-07324BBAB81C}.Release|Any CPU.ActiveCfg = Release|Any CPU
		{18007047-4C80-4E77-80E0-07324BBAB81C}.Release|Any CPU.Build.0 = Release|Any CPU
	EndGlobalSection
	GlobalSection(SolutionProperties) = preSolution
		HideSolutionNode = FALSE
	EndGlobalSection
	GlobalSection(ExtensibilityGlobals) = postSolution
		SolutionGuid = {E68887F0-3720-49E9-830B-B4DCF4712381}
	EndGlobalSection
EndGlobal
